
Microsoft Visual Studio Solution File, Format Version 12.00
# Visual Studio Version 17
VisualStudioVersion = 17.12.35707.178 d17.12
MinimumVisualStudioVersion = 10.0.40219.1
Project("{FAE04EC0-301F-11D3-BF4B-00C04F79EFBC}") = "CustomActionValidation", "CustomActionValidation.csproj", "{A80EE6C1-813B-4D79-B8AD-A68FA78CA1BF}"
EndProject
Global
	GlobalSection(SolutionConfigurationPlatforms) = preSolution
		Debug|Any CPU = Debug|Any CPU
		Release|Any CPU = Release|Any CPU
	EndGlobalSection
	GlobalSection(ProjectConfigurationPlatforms) = postSolution
		{A80EE6C1-813B-4D79-B8AD-A68FA78CA1BF}.Debug|Any CPU.ActiveCfg = Debug|Any CPU
		{A80EE6C1-813B-4D79-B8AD-A68FA78CA1BF}.Debug|Any CPU.Build.0 = Debug|Any CPU
		{A80EE6C1-813B-4D79-B8AD-A68FA78CA1BF}.Release|Any CPU.ActiveCfg = Release|Any CPU
		{A80EE6C1-813B-4D79-B8AD-A68FA78CA1BF}.Release|Any CPU.Build.0 = Release|Any CPU
	EndGlobalSection
	GlobalSection(SolutionProperties) = preSolution
		HideSolutionNode = FALSE
	EndGlobalSection
EndGlobal
